{
  "name": "discord-bot",
  "version": "1.0.0",
  "lockfileVersion": 2,
  "requires": true,
  "packages": {
    "": {
      "name": "discord-bot",
      "version": "1.0.0",
      "license": "ISC",
      "dependencies": {
        "cute-logs": "^0.0.1"
      }
    },
    "node_modules/cute-logs": {
      "version": "0.0.1",
      "resolved": "https://registry.npmjs.org/cute-logs/-/cute-logs-0.0.1.tgz",
      "integrity": "sha512-ojTPdQYQVWxVUbnuYb4ti0LHEKvYKRRGFDJI/2Q4bNk3xyTOTef1sQ2V1XJhcri7OQbfmr8elA8mMEIOE/2qmQ=="
    }
  },
  "dependencies": {
    "cute-logs": {
      "version": "0.0.1",
      "resolved": "https://registry.npmjs.org/cute-logs/-/cute-logs-0.0.1.tgz",
      "integrity": "sha512-ojTPdQYQVWxVUbnuYb4ti0LHEKvYKRRGFDJI/2Q4bNk3xyTOTef1sQ2V1XJhcri7OQbfmr8elA8mMEIOE/2qmQ=="
    }
  }
}
